{
    "name": "ecma-module-simple",
    "lockfileVersion": 2,
    "requires": true,
    "packages": {
        "": {
            "dependencies": {
                "express": "file:../.."
            }
        },
        "../..": {
            "version": "5.0.0-alpha.6",
            "integrity": "sha1-hdxE1+kNSAkEFAfziPI5tb0vaB4=",
            "license": "MIT",
            "dependencies": {
                "accepts": "~1.3.3",
                "array-flatten": "2.1.1",
                "content-disposition": "0.5.2",
                "content-type": "~1.0.2",
                "cookie": "0.3.1",
                "cookie-signature": "1.0.6",
                "debug": "2.6.9",
                "depd": "~1.1.1",
                "encodeurl": "~1.0.1",
                "escape-html": "~1.0.3",
                "etag": "~1.8.0",
                "finalhandler": "~1.0.6",
                "fresh": "0.5.2",
                "merge-descriptors": "1.0.1",
                "methods": "~1.1.2",
                "on-finished": "~2.3.0",
                "parseurl": "~1.3.1",
                "path-is-absolute": "1.0.1",
                "path-to-regexp": "0.1.7",
                "proxy-addr": "~1.1.5",
                "qs": "6.5.0",
                "range-parser": "~1.2.0",
                "router": "~1.3.1",
                "send": "0.15.6",
                "serve-static": "1.12.6",
                "setprototypeof": "1.0.3",
                "statuses": "~1.3.1",
                "type-is": "~1.6.15",
                "utils-merge": "1.0.0",
                "vary": "~1.1.1"
            },
            "devDependencies": {
                "after": "0.8.2",
                "body-parser": "1.18.1",
                "connect-redis": "~2.4.1",
                "cookie-parser": "~1.4.3",
                "cookie-session": "1.3.1",
                "ejs": "2.5.7",
                "eslint": "2.13.1",
                "express-session": "1.15.5",
                "hbs": "4.0.1",
                "istanbul": "0.4.5",
                "marked": "0.3.6",
                "method-override": "2.3.9",
                "mocha": "3.5.3",
                "morgan": "1.8.2",
                "multiparty": "4.1.3",
                "pbkdf2-password": "1.2.1",
                "should": "13.1.0",
                "supertest": "1.2.0",
                "vhost": "~3.0.2"
            },
            "engines": {
                "node": ">= 0.10.0"
            }
        },
        "../../node_modules/accepts": {
            "version": "1.3.7",
            "resolved": "https://registry.npmjs.org/accepts/-/accepts-1.3.7.tgz",
            "integrity": "sha512-Il80Qs2WjYlJIBNzNkK6KYqlVMTbZLXgHx2oT0pU/fjRHyEp+PEfEPY0R3WCwAGVOtauxh1hOxNgIf5bv7dQpA==",
            "dependencies": {
                "mime-types": "~2.1.24",
                "negotiator": "0.6.2"
            },
            "engines": {
                "node": ">= 0.6"
            }
        },
        "../../node_modules/array-flatten": {
            "version": "2.1.1",
            "resolved": "https://registry.npmjs.org/array-flatten/-/array-flatten-2.1.1.tgz",
            "integrity": "sha1-Qmu52oQJDBg42BLIFQryCoMx4pY="
        },
        "../../node_modules/content-disposition": {
            "version": "0.5.2",
            "resolved": "https://registry.npmjs.org/content-disposition/-/content-disposition-0.5.2.tgz",
            "integrity": "sha1-DPaLud318r55YcOoUXjLhdunjLQ=",
            "engines": {
                "node": ">= 0.6"
            }
        },
        "../../node_modules/content-type": {
            "version": "1.0.4",
            "resolved": "https://registry.npmjs.org/content-type/-/content-type-1.0.4.tgz",
            "integrity": "sha512-hIP3EEPs8tB9AT1L+NUqtwOAps4mk2Zob89MWXMHjHWg9milF/j4osnnQLXBCBFBk/tvIG/tUc9mOUJiPBhPXA==",
            "engines": {
                "node": ">= 0.6"
            }
        },
        "../../node_modules/cookie": {
            "version": "0.3.1",
            "resolved": "https://registry.npmjs.org/cookie/-/cookie-0.3.1.tgz",
            "integrity": "sha1-5+Ch+e9DtMi6klxcWpboBtFoc7s=",
            "engines": {
                "node": ">= 0.6"
            }
        },
        "../../node_modules/cookie-signature": {
            "version": "1.0.6",
            "resolved": "https://registry.npmjs.org/cookie-signature/-/cookie-signature-1.0.6.tgz",
            "integrity": "sha1-4wOogrNCzD7oylE6eZmXNNqzriw="
        },
        "../../node_modules/debug": {
            "version": "2.6.9",
            "resolved": "https://registry.npmjs.org/debug/-/debug-2.6.9.tgz",
            "integrity": "sha512-bC7ElrdJaJnPbAP+1EotYvqZsb3ecl5wi6Bfi6BJTUcNowp6cvspg0jXznRTKDjm/E7AdgFBVeAPVMNcKGsHMA==",
            "dependencies": {
                "ms": "2.0.0"
            }
        },
        "../../node_modules/depd": {
            "version": "1.1.2",
            "resolved": "https://registry.npmjs.org/depd/-/depd-1.1.2.tgz",
            "integrity": "sha1-m81S4UwJd2PnSbJ0xDRu0uVgtak=",
            "engines": {
                "node": ">= 0.6"
            }
        },
        "../../node_modules/destroy": {
            "version": "1.0.4",
            "resolved": "https://registry.npmjs.org/destroy/-/destroy-1.0.4.tgz",
            "integrity": "sha1-l4hXRCxEdJ5CBmE+N5RiBYJqvYA="
        },
        "../../node_modules/ee-first": {
            "version": "1.1.1",
            "resolved": "https://registry.npmjs.org/ee-first/-/ee-first-1.1.1.tgz",
            "integrity": "sha1-WQxhFWsK4vTwJVcyoViyZrxWsh0="
        },
        "../../node_modules/encodeurl": {
            "version": "1.0.2",
            "resolved": "https://registry.npmjs.org/encodeurl/-/encodeurl-1.0.2.tgz",
            "integrity": "sha1-rT/0yG7C0CkyL1oCw6mmBslbP1k=",
            "engines": {
                "node": ">= 0.8"
            }
        },
        "../../node_modules/escape-html": {
            "version": "1.0.3",
            "resolved": "https://registry.npmjs.org/escape-html/-/escape-html-1.0.3.tgz",
            "integrity": "sha1-Aljq5NPQwJdN4cFpGI7wBR0dGYg="
        },
        "../../node_modules/etag": {
            "version": "1.8.1",
            "resolved": "https://registry.npmjs.org/etag/-/etag-1.8.1.tgz",
            "integrity": "sha1-Qa4u62XvpiJorr/qg6x9eSmbCIc=",
            "engines": {
                "node": ">= 0.6"
            }
        },
        "../../node_modules/finalhandler": {
            "version": "1.0.6",
            "resolved": "https://registry.npmjs.org/finalhandler/-/finalhandler-1.0.6.tgz",
            "integrity": "sha1-AHrqM9Gk0+QgF/YkhIrVjSEvgU8=",
            "dependencies": {
                "debug": "2.6.9",
                "encodeurl": "~1.0.1",
                "escape-html": "~1.0.3",
                "on-finished": "~2.3.0",
                "parseurl": "~1.3.2",
                "statuses": "~1.3.1",
                "unpipe": "~1.0.0"
            },
            "engines": {
                "node": ">= 0.8"
            }
        },
        "../../node_modules/forwarded": {
            "version": "0.1.2",
            "resolved": "https://registry.npmjs.org/forwarded/-/forwarded-0.1.2.tgz",
            "integrity": "sha1-mMI9qxF1ZXuMBXPozszZGw/xjIQ=",
            "engines": {
                "node": ">= 0.6"
            }
        },
        "../../node_modules/fresh": {
            "version": "0.5.2",
            "resolved": "https://registry.npmjs.org/fresh/-/fresh-0.5.2.tgz",
            "integrity": "sha1-PYyt2Q2XZWn6g1qx+OSyOhBWBac=",
            "engines": {
                "node": ">= 0.6"
            }
        },
        "../../node_modules/http-errors": {
            "version": "1.6.3",
            "resolved": "https://registry.npmjs.org/http-errors/-/http-errors-1.6.3.tgz",
            "integrity": "sha1-i1VoC7S+KDoLW/TqLjhYC+HZMg0=",
            "dependencies": {
                "depd": "~1.1.2",
                "inherits": "2.0.3",
                "setprototypeof": "1.1.0",
                "statuses": ">= 1.4.0 < 2"
            },
            "engines": {
                "node": ">= 0.6"
            }
        },
        "../../node_modules/http-errors/node_modules/setprototypeof": {
            "version": "1.1.0",
            "resolved": "https://registry.npmjs.org/setprototypeof/-/setprototypeof-1.1.0.tgz",
            "integrity": "sha512-BvE/TwpZX4FXExxOxZyRGQQv651MSwmWKZGqvmPcRIjDqWub67kTKuIMx43cZZrS/cBBzwBcNDWoFxt2XEFIpQ=="
        },
        "../../node_modules/http-errors/node_modules/statuses": {
            "version": "1.5.0",
            "resolved": "https://registry.npmjs.org/statuses/-/statuses-1.5.0.tgz",
            "integrity": "sha1-Fhx9rBd2Wf2YEfQ3cfqZOBR4Yow=",
            "engines": {
                "node": ">= 0.6"
            }
        },
        "../../node_modules/inherits": {
            "version": "2.0.3",
            "resolved": "https://registry.npmjs.org/inherits/-/inherits-2.0.3.tgz",
            "integrity": "sha1-Yzwsg+PaQqUC9SRmAiSA9CCCYd4="
        },
        "../../node_modules/ipaddr.js": {
            "version": "1.4.0",
            "resolved": "https://registry.npmjs.org/ipaddr.js/-/ipaddr.js-1.4.0.tgz",
            "integrity": "sha1-KWrKh4qCGBbluF0KKFqZvP9FgvA=",
            "engines": {
                "node": ">= 0.10"
            }
        },
        "../../node_modules/media-typer": {
            "version": "0.3.0",
            "resolved": "https://registry.npmjs.org/media-typer/-/media-typer-0.3.0.tgz",
            "integrity": "sha1-hxDXrwqmJvj/+hzgAWhUUmMlV0g=",
            "engines": {
                "node": ">= 0.6"
            }
        },
        "../../node_modules/merge-descriptors": {
            "version": "1.0.1",
            "resolved": "https://registry.npmjs.org/merge-descriptors/-/merge-descriptors-1.0.1.tgz",
            "integrity": "sha1-sAqqVW3YtEVoFQ7J0blT8/kMu2E="
        },
        "../../node_modules/methods": {
            "version": "1.1.2",
            "resolved": "https://registry.npmjs.org/methods/-/methods-1.1.2.tgz",
            "integrity": "sha1-VSmk1nZUE07cxSZmVoNbD4Ua/O4=",
            "engines": {
                "node": ">= 0.6"
            }
        },
        "../../node_modules/mime": {
            "version": "1.3.4",
            "resolved": "https://registry.npmjs.org/mime/-/mime-1.3.4.tgz",
            "integrity": "sha1-EV+eO2s9rylZmDyzjxSaLUDrXVM=",
            "bin": {
                "mime": "cli.js"
            }
        },
        "../../node_modules/mime-db": {
            "version": "1.51.0",
            "resolved": "https://registry.npmjs.org/mime-db/-/mime-db-1.51.0.tgz",
            "integrity": "sha512-5y8A56jg7XVQx2mbv1lu49NR4dokRnhZYTtL+KGfaa27uq4pSTXkwQkFJl4pkRMyNFz/EtYDSkiiEHx3F7UN6g==",
            "engines": {
                "node": ">= 0.6"
            }
        },
        "../../node_modules/mime-types": {
            "version": "2.1.34",
            "resolved": "https://registry.npmjs.org/mime-types/-/mime-types-2.1.34.tgz",
            "integrity": "sha512-6cP692WwGIs9XXdOO4++N+7qjqv0rqxxVvJ3VHPh/Sc9mVZcQP+ZGhkKiTvWMQRr2tbHkJP/Yn7Y0npb3ZBs4A==",
            "dependencies": {
                "mime-db": "1.51.0"
            },
            "engines": {
                "node": ">= 0.6"
            }
        },
        "../../node_modules/ms": {
            "version": "2.0.0",
            "resolved": "https://registry.npmjs.org/ms/-/ms-2.0.0.tgz",
            "integrity": "sha1-VgiurfwAvmwpAd9fmGF4jeDVl8g="
        },
        "../../node_modules/negotiator": {
            "version": "0.6.2",
            "resolved": "https://registry.npmjs.org/negotiator/-/negotiator-0.6.2.tgz",
            "integrity": "sha512-hZXc7K2e+PgeI1eDBe/10Ard4ekbfrrqG8Ep+8Jmf4JID2bNg7NvCPOZN+kfF574pFQI7mum2AUqDidoKqcTOw==",
            "engines": {
                "node": ">= 0.6"
            }
        },
        "../../node_modules/on-finished": {
            "version": "2.3.0",
            "resolved": "https://registry.npmjs.org/on-finished/-/on-finished-2.3.0.tgz",
            "integrity": "sha1-IPEzZIGwg811M3mSoWlxqi2QaUc=",
            "dependencies": {
                "ee-first": "1.1.1"
            },
            "engines": {
                "node": ">= 0.8"
            }
        },
        "../../node_modules/parseurl": {
            "version": "1.3.3",
            "resolved": "https://registry.npmjs.org/parseurl/-/parseurl-1.3.3.tgz",
            "integrity": "sha512-CiyeOxFT/JZyN5m0z9PfXw4SCBJ6Sygz1Dpl0wqjlhDEGGBP1GnsUVEL0p63hoG1fcj3fHynXi9NYO4nWOL+qQ==",
            "engines": {
                "node": ">= 0.8"
            }
        },
        "../../node_modules/path-is-absolute": {
            "version": "1.0.1",
            "resolved": "https://registry.npmjs.org/path-is-absolute/-/path-is-absolute-1.0.1.tgz",
            "integrity": "sha1-F0uSaHNVNP+8es5r9TpanhtcX18=",
            "engines": {
                "node": ">=0.10.0"
            }
        },
        "../../node_modules/path-to-regexp": {
            "version": "0.1.7",
            "resolved": "https://registry.npmjs.org/path-to-regexp/-/path-to-regexp-0.1.7.tgz",
            "integrity": "sha1-32BBeABfUi8V60SQ5yR6G/qmf4w="
        },
        "../../node_modules/proxy-addr": {
            "version": "1.1.5",
            "resolved": "https://registry.npmjs.org/proxy-addr/-/proxy-addr-1.1.5.tgz",
            "integrity": "sha1-ccDuOxAt4/IC87ZPYI0XP8uhqRg=",
            "dependencies": {
                "forwarded": "~0.1.0",
                "ipaddr.js": "1.4.0"
            },
            "engines": {
                "node": ">= 0.6"
            }
        },
        "../../node_modules/qs": {
            "version": "6.5.0",
            "resolved": "https://registry.npmjs.org/qs/-/qs-6.5.0.tgz",
            "integrity": "sha512-fjVFjW9yhqMhVGwRExCXLhJKrLlkYSaxNWdyc9rmHlrVZbk35YHH312dFd7191uQeXkI3mKLZTIbSvIeFwFemg==",
            "engines": {
                "node": ">=0.6"
            }
        },
        "../../node_modules/range-parser": {
            "version": "1.2.1",
            "resolved": "https://registry.npmjs.org/range-parser/-/range-parser-1.2.1.tgz",
            "integrity": "sha512-Hrgsx+orqoygnmhFbKaHE6c296J+HTAQXoxEF6gNupROmmGJRoyzfG3ccAveqCBrwr/2yxQ5BVd/GTl5agOwSg==",
            "engines": {
                "node": ">= 0.6"
            }
        },
        "../../node_modules/router": {
            "version": "1.3.6",
            "resolved": "https://registry.npmjs.org/router/-/router-1.3.6.tgz",
            "integrity": "sha512-gsjhou+LFApzkIP8VDrouG6Z4pqkeF11n3o5orlwPPvPTl0x7c+dbF71itKOhDoFHygmc3N3uqm55Uq/gIDUwg==",
            "dependencies": {
                "array-flatten": "3.0.0",
                "debug": "2.6.9",
                "methods": "~1.1.2",
                "parseurl": "~1.3.3",
                "path-to-regexp": "0.1.7",
                "setprototypeof": "1.2.0",
                "utils-merge": "1.0.1"
            },
            "engines": {
                "node": ">= 0.8"
            }
        },
        "../../node_modules/router/node_modules/array-flatten": {
            "version": "3.0.0",
            "resolved": "https://registry.npmjs.org/array-flatten/-/array-flatten-3.0.0.tgz",
            "integrity": "sha512-zPMVc3ZYlGLNk4mpK1NzP2wg0ml9t7fUgDsayR5Y5rSzxQilzR9FGu/EH2jQOcKSAeAfWeylyW8juy3OkWRvNA=="
        },
        "../../node_modules/router/node_modules/setprototypeof": {
            "version": "1.2.0",
            "resolved": "https://registry.npmjs.org/setprototypeof/-/setprototypeof-1.2.0.tgz",
            "integrity": "sha512-E5LDX7Wrp85Kil5bhZv46j8jOeboKq5JMmYM3gVGdGH8xFpPWXUMsNrlODCrkoxMEeNi/XZIwuRvY4XNwYMJpw=="
        },
        "../../node_modules/router/node_modules/utils-merge": {
            "version": "1.0.1",
            "resolved": "https://registry.npmjs.org/utils-merge/-/utils-merge-1.0.1.tgz",
            "integrity": "sha1-n5VxD1CiZ5R7LMwSR0HBAoQn5xM=",
            "engines": {
                "node": ">= 0.4.0"
            }
        },
        "../../node_modules/send": {
            "version": "0.15.6",
            "resolved": "https://registry.npmjs.org/send/-/send-0.15.6.tgz",
            "integrity": "sha1-IPI6nJJbdiq4JwX+L52yUqzkfjQ=",
            "dependencies": {
                "debug": "2.6.9",
                "depd": "~1.1.1",
                "destroy": "~1.0.4",
                "encodeurl": "~1.0.1",
                "escape-html": "~1.0.3",
                "etag": "~1.8.1",
                "fresh": "0.5.2",
                "http-errors": "~1.6.2",
                "mime": "1.3.4",
                "ms": "2.0.0",
                "on-finished": "~2.3.0",
                "range-parser": "~1.2.0",
                "statuses": "~1.3.1"
            },
            "engines": {
                "node": ">= 0.8.0"
            }
        },
        "../../node_modules/serve-static": {
            "version": "1.12.6",
            "resolved": "https://registry.npmjs.org/serve-static/-/serve-static-1.12.6.tgz",
            "integrity": "sha1-uXN3P2NEmTTaVOW+ul4x2fQhFXc=",
            "dependencies": {
                "encodeurl": "~1.0.1",
                "escape-html": "~1.0.3",
                "parseurl": "~1.3.2",
                "send": "0.15.6"
            },
            "engines": {
                "node": ">= 0.8.0"
            }
        },
        "../../node_modules/setprototypeof": {
            "version": "1.0.3",
            "resolved": "https://registry.npmjs.org/setprototypeof/-/setprototypeof-1.0.3.tgz",
            "integrity": "sha1-ZlZ+NwQ+608E2RvWWMDL77VbjgQ="
        },
        "../../node_modules/statuses": {
            "version": "1.3.1",
            "resolved": "https://registry.npmjs.org/statuses/-/statuses-1.3.1.tgz",
            "integrity": "sha1-+vUbnrdKrvOzrPStX2Gr8ky3uT4=",
            "engines": {
                "node": ">= 0.6"
            }
        },
        "../../node_modules/type-is": {
            "version": "1.6.18",
            "resolved": "https://registry.npmjs.org/type-is/-/type-is-1.6.18.tgz",
            "integrity": "sha512-TkRKr9sUTxEH8MdfuCSP7VizJyzRNMjj2J2do2Jr3Kym598JVdEksuzPQCnlFPW4ky9Q+iA+ma9BGm06XQBy8g==",
            "dependencies": {
                "media-typer": "0.3.0",
                "mime-types": "~2.1.24"
            },
            "engines": {
                "node": ">= 0.6"
            }
        },
        "../../node_modules/unpipe": {
            "version": "1.0.0",
            "resolved": "https://registry.npmjs.org/unpipe/-/unpipe-1.0.0.tgz",
            "integrity": "sha1-sr9O6FFKrmFltIF4KdIbLvSZBOw=",
            "engines": {
                "node": ">= 0.8"
            }
        },
        "../../node_modules/utils-merge": {
            "version": "1.0.0",
            "resolved": "https://registry.npmjs.org/utils-merge/-/utils-merge-1.0.0.tgz",
            "integrity": "sha1-ApT7kiu5N1FTVBxPcJYjHyh8ivg=",
            "engines": {
                "node": ">= 0.4.0"
            }
        },
        "../../node_modules/vary": {
            "version": "1.1.2",
            "resolved": "https://registry.npmjs.org/vary/-/vary-1.1.2.tgz",
            "integrity": "sha1-IpnwLG3tMNSllhsLn3RSShj2NPw=",
            "engines": {
                "node": ">= 0.8"
            }
        },
        "node_modules/express": {
            "resolved": "../..",
            "link": true
        }
    },
    "dependencies": {
        "express": {
            "version": "file:../..",
            "requires": {
                "accepts": "~1.3.3",
                "after": "0.8.2",
                "array-flatten": "2.1.1",
                "body-parser": "1.18.1",
                "connect-redis": "~2.4.1",
                "content-disposition": "0.5.2",
                "content-type": "~1.0.2",
                "cookie": "0.3.1",
                "cookie-parser": "~1.4.3",
                "cookie-session": "1.3.1",
                "cookie-signature": "1.0.6",
                "debug": "2.6.9",
                "depd": "~1.1.1",
                "ejs": "2.5.7",
                "encodeurl": "~1.0.1",
                "escape-html": "~1.0.3",
                "eslint": "2.13.1",
                "etag": "~1.8.0",
                "express-session": "1.15.5",
                "finalhandler": "~1.0.6",
                "fresh": "0.5.2",
                "hbs": "4.0.1",
                "istanbul": "0.4.5",
                "marked": "0.3.6",
                "merge-descriptors": "1.0.1",
                "method-override": "2.3.9",
                "methods": "~1.1.2",
                "mocha": "3.5.3",
                "morgan": "1.8.2",
                "multiparty": "4.1.3",
                "on-finished": "~2.3.0",
                "parseurl": "~1.3.1",
                "path-is-absolute": "1.0.1",
                "path-to-regexp": "0.1.7",
                "pbkdf2-password": "1.2.1",
                "proxy-addr": "~1.1.5",
                "qs": "6.5.0",
                "range-parser": "~1.2.0",
                "router": "~1.3.1",
                "send": "0.15.6",
                "serve-static": "1.12.6",
                "setprototypeof": "1.0.3",
                "should": "13.1.0",
                "statuses": "~1.3.1",
                "supertest": "1.2.0",
                "type-is": "~1.6.15",
                "utils-merge": "1.0.0",
                "vary": "~1.1.1",
                "vhost": "~3.0.2"
            },
            "dependencies": {
                "accepts": {
                    "version": "1.3.7",
                    "resolved": "https://registry.npmjs.org/accepts/-/accepts-1.3.7.tgz",
                    "integrity": "sha512-Il80Qs2WjYlJIBNzNkK6KYqlVMTbZLXgHx2oT0pU/fjRHyEp+PEfEPY0R3WCwAGVOtauxh1hOxNgIf5bv7dQpA==",
                    "requires": {
                        "mime-types": "~2.1.24",
                        "negotiator": "0.6.2"
                    }
                },
                "array-flatten": {
                    "version": "2.1.1",
                    "resolved": "https://registry.npmjs.org/array-flatten/-/array-flatten-2.1.1.tgz",
                    "integrity": "sha1-Qmu52oQJDBg42BLIFQryCoMx4pY="
                },
                "content-disposition": {
                    "version": "0.5.2",
                    "resolved": "https://registry.npmjs.org/content-disposition/-/content-disposition-0.5.2.tgz",
                    "integrity": "sha1-DPaLud318r55YcOoUXjLhdunjLQ="
                },
                "content-type": {
                    "version": "1.0.4",
                    "resolved": "https://registry.npmjs.org/content-type/-/content-type-1.0.4.tgz",
                    "integrity": "sha512-hIP3EEPs8tB9AT1L+NUqtwOAps4mk2Zob89MWXMHjHWg9milF/j4osnnQLXBCBFBk/tvIG/tUc9mOUJiPBhPXA=="
                },
                "cookie": {
                    "version": "0.3.1",
                    "resolved": "https://registry.npmjs.org/cookie/-/cookie-0.3.1.tgz",
                    "integrity": "sha1-5+Ch+e9DtMi6klxcWpboBtFoc7s="
                },
                "cookie-signature": {
                    "version": "1.0.6",
                    "resolved": "https://registry.npmjs.org/cookie-signature/-/cookie-signature-1.0.6.tgz",
                    "integrity": "sha1-4wOogrNCzD7oylE6eZmXNNqzriw="
                },
                "debug": {
                    "version": "2.6.9",
                    "resolved": "https://registry.npmjs.org/debug/-/debug-2.6.9.tgz",
                    "integrity": "sha512-bC7ElrdJaJnPbAP+1EotYvqZsb3ecl5wi6Bfi6BJTUcNowp6cvspg0jXznRTKDjm/E7AdgFBVeAPVMNcKGsHMA==",
                    "requires": {
                        "ms": "2.0.0"
                    }
                },
                "depd": {
                    "version": "1.1.2",
                    "resolved": "https://registry.npmjs.org/depd/-/depd-1.1.2.tgz",
                    "integrity": "sha1-m81S4UwJd2PnSbJ0xDRu0uVgtak="
                },
                "destroy": {
                    "version": "1.0.4",
                    "resolved": "https://registry.npmjs.org/destroy/-/destroy-1.0.4.tgz",
                    "integrity": "sha1-l4hXRCxEdJ5CBmE+N5RiBYJqvYA="
                },
                "ee-first": {
                    "version": "1.1.1",
                    "resolved": "https://registry.npmjs.org/ee-first/-/ee-first-1.1.1.tgz",
                    "integrity": "sha1-WQxhFWsK4vTwJVcyoViyZrxWsh0="
                },
                "encodeurl": {
                    "version": "1.0.2",
                    "resolved": "https://registry.npmjs.org/encodeurl/-/encodeurl-1.0.2.tgz",
                    "integrity": "sha1-rT/0yG7C0CkyL1oCw6mmBslbP1k="
                },
                "escape-html": {
                    "version": "1.0.3",
                    "resolved": "https://registry.npmjs.org/escape-html/-/escape-html-1.0.3.tgz",
                    "integrity": "sha1-Aljq5NPQwJdN4cFpGI7wBR0dGYg="
                },
                "etag": {
                    "version": "1.8.1",
                    "resolved": "https://registry.npmjs.org/etag/-/etag-1.8.1.tgz",
                    "integrity": "sha1-Qa4u62XvpiJorr/qg6x9eSmbCIc="
                },
                "finalhandler": {
                    "version": "1.0.6",
                    "resolved": "https://registry.npmjs.org/finalhandler/-/finalhandler-1.0.6.tgz",
                    "integrity": "sha1-AHrqM9Gk0+QgF/YkhIrVjSEvgU8=",
                    "requires": {
                        "debug": "2.6.9",
                        "encodeurl": "~1.0.1",
                        "escape-html": "~1.0.3",
                        "on-finished": "~2.3.0",
                        "parseurl": "~1.3.2",
                        "statuses": "~1.3.1",
                        "unpipe": "~1.0.0"
                    }
                },
                "forwarded": {
                    "version": "0.1.2",
                    "resolved": "https://registry.npmjs.org/forwarded/-/forwarded-0.1.2.tgz",
                    "integrity": "sha1-mMI9qxF1ZXuMBXPozszZGw/xjIQ="
                },
                "fresh": {
                    "version": "0.5.2",
                    "resolved": "https://registry.npmjs.org/fresh/-/fresh-0.5.2.tgz",
                    "integrity": "sha1-PYyt2Q2XZWn6g1qx+OSyOhBWBac="
                },
                "http-errors": {
                    "version": "1.6.3",
                    "resolved": "https://registry.npmjs.org/http-errors/-/http-errors-1.6.3.tgz",
                    "integrity": "sha1-i1VoC7S+KDoLW/TqLjhYC+HZMg0=",
                    "requires": {
                        "depd": "~1.1.2",
                        "inherits": "2.0.3",
                        "setprototypeof": "1.1.0",
                        "statuses": ">= 1.4.0 < 2"
                    },
                    "dependencies": {
                        "setprototypeof": {
                            "version": "1.1.0",
                            "resolved": "https://registry.npmjs.org/setprototypeof/-/setprototypeof-1.1.0.tgz",
                            "integrity": "sha512-BvE/TwpZX4FXExxOxZyRGQQv651MSwmWKZGqvmPcRIjDqWub67kTKuIMx43cZZrS/cBBzwBcNDWoFxt2XEFIpQ=="
                        },
                        "statuses": {
                            "version": "1.5.0",
                            "resolved": "https://registry.npmjs.org/statuses/-/statuses-1.5.0.tgz",
                            "integrity": "sha1-Fhx9rBd2Wf2YEfQ3cfqZOBR4Yow="
                        }
                    }
                },
                "inherits": {
                    "version": "2.0.3",
                    "resolved": "https://registry.npmjs.org/inherits/-/inherits-2.0.3.tgz",
                    "integrity": "sha1-Yzwsg+PaQqUC9SRmAiSA9CCCYd4="
                },
                "ipaddr.js": {
                    "version": "1.4.0",
                    "resolved": "https://registry.npmjs.org/ipaddr.js/-/ipaddr.js-1.4.0.tgz",
                    "integrity": "sha1-KWrKh4qCGBbluF0KKFqZvP9FgvA="
                },
                "media-typer": {
                    "version": "0.3.0",
                    "resolved": "https://registry.npmjs.org/media-typer/-/media-typer-0.3.0.tgz",
                    "integrity": "sha1-hxDXrwqmJvj/+hzgAWhUUmMlV0g="
                },
                "merge-descriptors": {
                    "version": "1.0.1",
                    "resolved": "https://registry.npmjs.org/merge-descriptors/-/merge-descriptors-1.0.1.tgz",
                    "integrity": "sha1-sAqqVW3YtEVoFQ7J0blT8/kMu2E="
                },
                "methods": {
                    "version": "1.1.2",
                    "resolved": "https://registry.npmjs.org/methods/-/methods-1.1.2.tgz",
                    "integrity": "sha1-VSmk1nZUE07cxSZmVoNbD4Ua/O4="
                },
                "mime": {
                    "version": "1.3.4",
                    "resolved": "https://registry.npmjs.org/mime/-/mime-1.3.4.tgz",
                    "integrity": "sha1-EV+eO2s9rylZmDyzjxSaLUDrXVM="
                },
                "mime-db": {
                    "version": "1.51.0",
                    "resolved": "https://registry.npmjs.org/mime-db/-/mime-db-1.51.0.tgz",
                    "integrity": "sha512-5y8A56jg7XVQx2mbv1lu49NR4dokRnhZYTtL+KGfaa27uq4pSTXkwQkFJl4pkRMyNFz/EtYDSkiiEHx3F7UN6g=="
                },
                "mime-types": {
                    "version": "2.1.34",
                    "resolved": "https://registry.npmjs.org/mime-types/-/mime-types-2.1.34.tgz",
                    "integrity": "sha512-6cP692WwGIs9XXdOO4++N+7qjqv0rqxxVvJ3VHPh/Sc9mVZcQP+ZGhkKiTvWMQRr2tbHkJP/Yn7Y0npb3ZBs4A==",
                    "requires": {
                        "mime-db": "1.51.0"
                    }
                },
                "ms": {
                    "version": "2.0.0",
                    "resolved": "https://registry.npmjs.org/ms/-/ms-2.0.0.tgz",
                    "integrity": "sha1-VgiurfwAvmwpAd9fmGF4jeDVl8g="
                },
                "negotiator": {
                    "version": "0.6.2",
                    "resolved": "https://registry.npmjs.org/negotiator/-/negotiator-0.6.2.tgz",
                    "integrity": "sha512-hZXc7K2e+PgeI1eDBe/10Ard4ekbfrrqG8Ep+8Jmf4JID2bNg7NvCPOZN+kfF574pFQI7mum2AUqDidoKqcTOw=="
                },
                "on-finished": {
                    "version": "2.3.0",
                    "resolved": "https://registry.npmjs.org/on-finished/-/on-finished-2.3.0.tgz",
                    "integrity": "sha1-IPEzZIGwg811M3mSoWlxqi2QaUc=",
                    "requires": {
                        "ee-first": "1.1.1"
                    }
                },
                "parseurl": {
                    "version": "1.3.3",
                    "resolved": "https://registry.npmjs.org/parseurl/-/parseurl-1.3.3.tgz",
                    "integrity": "sha512-CiyeOxFT/JZyN5m0z9PfXw4SCBJ6Sygz1Dpl0wqjlhDEGGBP1GnsUVEL0p63hoG1fcj3fHynXi9NYO4nWOL+qQ=="
                },
                "path-is-absolute": {
                    "version": "1.0.1",
                    "resolved": "https://registry.npmjs.org/path-is-absolute/-/path-is-absolute-1.0.1.tgz",
                    "integrity": "sha1-F0uSaHNVNP+8es5r9TpanhtcX18="
                },
                "path-to-regexp": {
                    "version": "0.1.7",
                    "resolved": "https://registry.npmjs.org/path-to-regexp/-/path-to-regexp-0.1.7.tgz",
                    "integrity": "sha1-32BBeABfUi8V60SQ5yR6G/qmf4w="
                },
                "proxy-addr": {
                    "version": "1.1.5",
                    "resolved": "https://registry.npmjs.org/proxy-addr/-/proxy-addr-1.1.5.tgz",
                    "integrity": "sha1-ccDuOxAt4/IC87ZPYI0XP8uhqRg=",
                    "requires": {
                        "forwarded": "~0.1.0",
                        "ipaddr.js": "1.4.0"
                    }
                },
                "qs": {
                    "version": "6.5.0",
                    "resolved": "https://registry.npmjs.org/qs/-/qs-6.5.0.tgz",
                    "integrity": "sha512-fjVFjW9yhqMhVGwRExCXLhJKrLlkYSaxNWdyc9rmHlrVZbk35YHH312dFd7191uQeXkI3mKLZTIbSvIeFwFemg=="
                },
                "range-parser": {
                    "version": "1.2.1",
                    "resolved": "https://registry.npmjs.org/range-parser/-/range-parser-1.2.1.tgz",
                    "integrity": "sha512-Hrgsx+orqoygnmhFbKaHE6c296J+HTAQXoxEF6gNupROmmGJRoyzfG3ccAveqCBrwr/2yxQ5BVd/GTl5agOwSg=="
                },
                "router": {
                    "version": "1.3.6",
                    "resolved": "https://registry.npmjs.org/router/-/router-1.3.6.tgz",
                    "integrity": "sha512-gsjhou+LFApzkIP8VDrouG6Z4pqkeF11n3o5orlwPPvPTl0x7c+dbF71itKOhDoFHygmc3N3uqm55Uq/gIDUwg==",
                    "requires": {
                        "array-flatten": "3.0.0",
                        "debug": "2.6.9",
                        "methods": "~1.1.2",
                        "parseurl": "~1.3.3",
                        "path-to-regexp": "0.1.7",
                        "setprototypeof": "1.2.0",
                        "utils-merge": "1.0.1"
                    },
                    "dependencies": {
                        "array-flatten": {
                            "version": "3.0.0",
                            "resolved": "https://registry.npmjs.org/array-flatten/-/array-flatten-3.0.0.tgz",
                            "integrity": "sha512-zPMVc3ZYlGLNk4mpK1NzP2wg0ml9t7fUgDsayR5Y5rSzxQilzR9FGu/EH2jQOcKSAeAfWeylyW8juy3OkWRvNA=="
                        },
                        "setprototypeof": {
                            "version": "1.2.0",
                            "resolved": "https://registry.npmjs.org/setprototypeof/-/setprototypeof-1.2.0.tgz",
                            "integrity": "sha512-E5LDX7Wrp85Kil5bhZv46j8jOeboKq5JMmYM3gVGdGH8xFpPWXUMsNrlODCrkoxMEeNi/XZIwuRvY4XNwYMJpw=="
                        },
                        "utils-merge": {
                            "version": "1.0.1",
                            "resolved": "https://registry.npmjs.org/utils-merge/-/utils-merge-1.0.1.tgz",
                            "integrity": "sha1-n5VxD1CiZ5R7LMwSR0HBAoQn5xM="
                        }
                    }
                },
                "send": {
                    "version": "0.15.6",
                    "resolved": "https://registry.npmjs.org/send/-/send-0.15.6.tgz",
                    "integrity": "sha1-IPI6nJJbdiq4JwX+L52yUqzkfjQ=",
                    "requires": {
                        "debug": "2.6.9",
                        "depd": "~1.1.1",
                        "destroy": "~1.0.4",
                        "encodeurl": "~1.0.1",
                        "escape-html": "~1.0.3",
                        "etag": "~1.8.1",
                        "fresh": "0.5.2",
                        "http-errors": "~1.6.2",
                        "mime": "1.3.4",
                        "ms": "2.0.0",
                        "on-finished": "~2.3.0",
                        "range-parser": "~1.2.0",
                        "statuses": "~1.3.1"
                    }
                },
                "serve-static": {
                    "version": "1.12.6",
                    "resolved": "https://registry.npmjs.org/serve-static/-/serve-static-1.12.6.tgz",
                    "integrity": "sha1-uXN3P2NEmTTaVOW+ul4x2fQhFXc=",
                    "requires": {
                        "encodeurl": "~1.0.1",
                        "escape-html": "~1.0.3",
                        "parseurl": "~1.3.2",
                        "send": "0.15.6"
                    }
                },
                "setprototypeof": {
                    "version": "1.0.3",
                    "resolved": "https://registry.npmjs.org/setprototypeof/-/setprototypeof-1.0.3.tgz",
                    "integrity": "sha1-ZlZ+NwQ+608E2RvWWMDL77VbjgQ="
                },
                "statuses": {
                    "version": "1.3.1",
                    "resolved": "https://registry.npmjs.org/statuses/-/statuses-1.3.1.tgz",
                    "integrity": "sha1-+vUbnrdKrvOzrPStX2Gr8ky3uT4="
                },
                "type-is": {
                    "version": "1.6.18",
                    "resolved": "https://registry.npmjs.org/type-is/-/type-is-1.6.18.tgz",
                    "integrity": "sha512-TkRKr9sUTxEH8MdfuCSP7VizJyzRNMjj2J2do2Jr3Kym598JVdEksuzPQCnlFPW4ky9Q+iA+ma9BGm06XQBy8g==",
                    "requires": {
                        "media-typer": "0.3.0",
                        "mime-types": "~2.1.24"
                    }
                },
                "unpipe": {
                    "version": "1.0.0",
                    "resolved": "https://registry.npmjs.org/unpipe/-/unpipe-1.0.0.tgz",
                    "integrity": "sha1-sr9O6FFKrmFltIF4KdIbLvSZBOw="
                },
                "utils-merge": {
                    "version": "1.0.0",
                    "resolved": "https://registry.npmjs.org/utils-merge/-/utils-merge-1.0.0.tgz",
                    "integrity": "sha1-ApT7kiu5N1FTVBxPcJYjHyh8ivg="
                },
                "vary": {
                    "version": "1.1.2",
                    "resolved": "https://registry.npmjs.org/vary/-/vary-1.1.2.tgz",
                    "integrity": "sha1-IpnwLG3tMNSllhsLn3RSShj2NPw="
                }
            }
        }
    }
}
